
Microsoft Visual Studio Solution File, Format Version 12.00
# Visual Studio Version 16
VisualStudioVersion = 16.0.30104.148
MinimumVisualStudioVersion = 10.0.40219.1
Project("{FAE04EC0-301F-11D3-BF4B-00C04F79EFBC}") = "GT_regisztracio", "GT_regisztracio\GT_regisztracio.csproj", "{460D3B8F-C700-42E5-9652-AE13C5E60DCC}"
EndProject
Global
	GlobalSection(SolutionConfigurationPlatforms) = preSolution
		Debug|Any CPU = Debug|Any CPU
		Release|Any CPU = Release|Any CPU
	EndGlobalSection
	GlobalSection(ProjectConfigurationPlatforms) = postSolution
		{460D3B8F-C700-42E5-9652-AE13C5E60DCC}.Debug|Any CPU.ActiveCfg = Debug|Any CPU
		{460D3B8F-C700-42E5-9652-AE13C5E60DCC}.Debug|Any CPU.Build.0 = Debug|Any CPU
		{460D3B8F-C700-42E5-9652-AE13C5E60DCC}.Release|Any CPU.ActiveCfg = Release|Any CPU
		{460D3B8F-C700-42E5-9652-AE13C5E60DCC}.Release|Any CPU.Build.0 = Release|Any CPU
	EndGlobalSection
	GlobalSection(SolutionProperties) = preSolution
		HideSolutionNode = FALSE
	EndGlobalSection
	GlobalSection(ExtensibilityGlobals) = postSolution
		SolutionGuid = {3314F2BC-A415-4CD7-B441-A2818B1AEBB2}
	EndGlobalSection
EndGlobal
